
Microsoft Visual Studio Solution File, Format Version 12.00
# Visual Studio 15
Project("{FAE04EC0-301F-11D3-BF4B-00C04F79EFBC}") = "Assembly-CSharp", "Assembly-CSharp.csproj", "{19F729CD-F894-31B9-57A4-BFE53964E3F2}"
EndProject
Project("{FAE04EC0-301F-11D3-BF4B-00C04F79EFBC}") = "VuforiaScripts", "VuforiaScripts.csproj", "{BE4B47EB-971F-BC35-5D91-051654996D94}"
EndProject
Project("{FAE04EC0-301F-11D3-BF4B-00C04F79EFBC}") = "VuforiaEditorScripts", "VuforiaEditorScripts.csproj", "{73FAC652-91C7-2744-193E-865E9B4DBEBE}"
EndProject
Global
	GlobalSection(SolutionConfigurationPlatforms) = preSolution
		Debug|Any CPU = Debug|Any CPU
		Release|Any CPU = Release|Any CPU
	EndGlobalSection
	GlobalSection(ProjectConfigurationPlatforms) = postSolution
		{19F729CD-F894-31B9-57A4-BFE53964E3F2}.Debug|Any CPU.ActiveCfg = Debug|Any CPU
		{19F729CD-F894-31B9-57A4-BFE53964E3F2}.Debug|Any CPU.Build.0 = Debug|Any CPU
		{19F729CD-F894-31B9-57A4-BFE53964E3F2}.Release|Any CPU.ActiveCfg = Release|Any CPU
		{19F729CD-F894-31B9-57A4-BFE53964E3F2}.Release|Any CPU.Build.0 = Release|Any CPU
		{BE4B47EB-971F-BC35-5D91-051654996D94}.Debug|Any CPU.ActiveCfg = Debug|Any CPU
		{BE4B47EB-971F-BC35-5D91-051654996D94}.Debug|Any CPU.Build.0 = Debug|Any CPU
		{BE4B47EB-971F-BC35-5D91-051654996D94}.Release|Any CPU.ActiveCfg = Release|Any CPU
		{BE4B47EB-971F-BC35-5D91-051654996D94}.Release|Any CPU.Build.0 = Release|Any CPU
		{73FAC652-91C7-2744-193E-865E9B4DBEBE}.Debug|Any CPU.ActiveCfg = Debug|Any CPU
		{73FAC652-91C7-2744-193E-865E9B4DBEBE}.Debug|Any CPU.Build.0 = Debug|Any CPU
		{73FAC652-91C7-2744-193E-865E9B4DBEBE}.Release|Any CPU.ActiveCfg = Release|Any CPU
		{73FAC652-91C7-2744-193E-865E9B4DBEBE}.Release|Any CPU.Build.0 = Release|Any CPU
	EndGlobalSection
	GlobalSection(SolutionProperties) = preSolution
		HideSolutionNode = FALSE
	EndGlobalSection
EndGlobal
